// !$*UTF8*$!
{
	archiveVersion = 1;
	classes = {
	};
	objectVersion = 51;
	objects = {

/* Begin PBXBuildFile section */
		593F80FE502767197437E6DF /* Pods_Parse_LabTests.framework in Frameworks */ = {isa = PBXBuildFile; fileRef = 22D7AAB40410502179D9B7C4 /* Pods_Parse_LabTests.framework */; };
		8F32CA10A2481A5A19983FA2 /* Pods_Parse_Lab_Parse_LabUITests.framework in Frameworks */ = {isa = PBXBuildFile; fileRef = C7192BA2E238DC01C029578D /* Pods_Parse_Lab_Parse_LabUITests.framework */; };
		D1CD12F024B3839D00913AE7 /* AppDelegate.m in Sources */ = {isa = PBXBuildFile; fileRef = D1CD12EF24B3839D00913AE7 /* AppDelegate.m */; };
		D1CD12F324B3839D00913AE7 /* SceneDelegate.m in Sources */ = {isa = PBXBuildFile; fileRef = D1CD12F224B3839D00913AE7 /* SceneDelegate.m */; };
		D1CD12F624B3839D00913AE7 /* LoginViewController.m in Sources */ = {isa = PBXBuildFile; fileRef = D1CD12F524B3839D00913AE7 /* LoginViewController.m */; };
		D1CD12F924B3839D00913AE7 /* Main.storyboard in Resources */ = {isa = PBXBuildFile; fileRef = D1CD12F724B3839D00913AE7 /* Main.storyboard */; };
		D1CD12FB24B3839F00913AE7 /* Assets.xcassets in Resources */ = {isa = PBXBuildFile; fileRef = D1CD12FA24B3839F00913AE7 /* Assets.xcassets */; };
		D1CD12FE24B3839F00913AE7 /* LaunchScreen.storyboard in Resources */ = {isa = PBXBuildFile; fileRef = D1CD12FC24B3839F00913AE7 /* LaunchScreen.storyboard */; };
		D1CD130124B3839F00913AE7 /* main.m in Sources */ = {isa = PBXBuildFile; fileRef = D1CD130024B3839F00913AE7 /* main.m */; };
		D1CD130B24B3839F00913AE7 /* Parse_LabTests.m in Sources */ = {isa = PBXBuildFile; fileRef = D1CD130A24B3839F00913AE7 /* Parse_LabTests.m */; };
		D1CD131624B3839F00913AE7 /* Parse_LabUITests.m in Sources */ = {isa = PBXBuildFile; fileRef = D1CD131524B3839F00913AE7 /* Parse_LabUITests.m */; };
		D1CD132624B38C4800913AE7 /* ChatViewController.m in Sources */ = {isa = PBXBuildFile; fileRef = D1CD132524B38C4800913AE7 /* ChatViewController.m */; };
		D1CD132924B3928600913AE7 /* ChatTableViewCell.m in Sources */ = {isa = PBXBuildFile; fileRef = D1CD132824B3928600913AE7 /* ChatTableViewCell.m */; };
		EF025686BA0DD07D13FDD18A /* Pods_Parse_Lab.framework in Frameworks */ = {isa = PBXBuildFile; fileRef = D6E5BD2B3ACA878E013A476C /* Pods_Parse_Lab.framework */; };
/* End PBXBuildFile section */

/* Begin PBXContainerItemProxy section */
		D1CD130724B3839F00913AE7 /* PBXContainerItemProxy */ = {
			isa = PBXContainerItemProxy;
			containerPortal = D1CD12E324B3839D00913AE7 /* Project object */;
			proxyType = 1;
			remoteGlobalIDString = D1CD12EA24B3839D00913AE7;
			remoteInfo = "Parse Lab";
		};
		D1CD131224B3839F00913AE7 /* PBXContainerItemProxy */ = {
			isa = PBXContainerItemProxy;
			containerPortal = D1CD12E324B3839D00913AE7 /* Project object */;
			proxyType = 1;
			remoteGlobalIDString = D1CD12EA24B3839D00913AE7;
			remoteInfo = "Parse Lab";
		};
/* End PBXContainerItemProxy section */

/* Begin PBXFileReference section */
		0FF209CA32C20FBD7A37D935 /* Pods-Parse Lab-Parse LabUITests.release.xcconfig */ = {isa = PBXFileReference; includeInIndex = 1; lastKnownFileType = text.xcconfig; name = "Pods-Parse Lab-Parse LabUITests.release.xcconfig"; path = "Target Support Files/Pods-Parse Lab-Parse LabUITests/Pods-Parse Lab-Parse LabUITests.release.xcconfig"; sourceTree = "<group>"; };
		1A8C3603AB86AC6837A07765 /* Pods-Parse LabTests.release.xcconfig */ = {isa = PBXFileReference; includeInIndex = 1; lastKnownFileType = text.xcconfig; name = "Pods-Parse LabTests.release.xcconfig"; path = "Target Support Files/Pods-Parse LabTests/Pods-Parse LabTests.release.xcconfig"; sourceTree = "<group>"; };
		22D7AAB40410502179D9B7C4 /* Pods_Parse_LabTests.framework */ = {isa = PBXFileReference; explicitFileType = wrapper.framework; includeInIndex = 0; path = Pods_Parse_LabTests.framework; sourceTree = BUILT_PRODUCTS_DIR; };
		A82424C30649C7406D93AEB0 /* Pods-Parse Lab-Parse LabUITests.debug.xcconfig */ = {isa = PBXFileReference; includeInIndex = 1; lastKnownFileType = text.xcconfig; name = "Pods-Parse Lab-Parse LabUITests.debug.xcconfig"; path = "Target Support Files/Pods-Parse Lab-Parse LabUITests/Pods-Parse Lab-Parse LabUITests.debug.xcconfig"; sourceTree = "<group>"; };
		C7192BA2E238DC01C029578D /* Pods_Parse_Lab_Parse_LabUITests.framework */ = {isa = PBXFileReference; explicitFileType = wrapper.framework; includeInIndex = 0; path = Pods_Parse_Lab_Parse_LabUITests.framework; sourceTree = BUILT_PRODUCTS_DIR; };
		CAE17851BC8ECDFA36013492 /* Pods-Parse Lab.release.xcconfig */ = {isa = PBXFileReference; includeInIndex = 1; lastKnownFileType = text.xcconfig; name = "Pods-Parse Lab.release.xcconfig"; path = "Target Support Files/Pods-Parse Lab/Pods-Parse Lab.release.xcconfig"; sourceTree = "<group>"; };
		D1CD12EB24B3839D00913AE7 /* Parse Lab.app */ = {isa = PBXFileReference; explicitFileType = wrapper.application; includeInIndex = 0; path = "Parse Lab.app"; sourceTree = BUILT_PRODUCTS_DIR; };
		D1CD12EE24B3839D00913AE7 /* AppDelegate.h */ = {isa = PBXFileReference; lastKnownFileType = sourcecode.c.h; path = AppDelegate.h; sourceTree = "<group>"; };
		D1CD12EF24B3839D00913AE7 /* AppDelegate.m */ = {isa = PBXFileReference; lastKnownFileType = sourcecode.c.objc; path = AppDelegate.m; sourceTree = "<group>"; };
		D1CD12F124B3839D00913AE7 /* SceneDelegate.h */ = {isa = PBXFileReference; lastKnownFileType = sourcecode.c.h; path = SceneDelegate.h; sourceTree = "<group>"; };
		D1CD12F224B3839D00913AE7 /* SceneDelegate.m */ = {isa = PBXFileReference; lastKnownFileType = sourcecode.c.objc; path = SceneDelegate.m; sourceTree = "<group>"; };
		D1CD12F424B3839D00913AE7 /* LoginViewController.h */ = {isa = PBXFileReference; lastKnownFileType = sourcecode.c.h; path = LoginViewController.h; sourceTree = "<group>"; };
		D1CD12F524B3839D00913AE7 /* LoginViewController.m */ = {isa = PBXFileReference; lastKnownFileType = sourcecode.c.objc; path = LoginViewController.m; sourceTree = "<group>"; };
		D1CD12F824B3839D00913AE7 /* Base */ = {isa = PBXFileReference; lastKnownFileType = file.storyboard; name = Base; path = Base.lproj/Main.storyboard; sourceTree = "<group>"; };
		D1CD12FA24B3839F00913AE7 /* Assets.xcassets */ = {isa = PBXFileReference; lastKnownFileType = folder.assetcatalog; path = Assets.xcassets; sourceTree = "<group>"; };
		D1CD12FD24B3839F00913AE7 /* Base */ = {isa = PBXFileReference; lastKnownFileType = file.storyboard; name = Base; path = Base.lproj/LaunchScreen.storyboard; sourceTree = "<group>"; };
		D1CD12FF24B3839F00913AE7 /* Info.plist */ = {isa = PBXFileReference; lastKnownFileType = text.plist.xml; path = Info.plist; sourceTree = "<group>"; };
		D1CD130024B3839F00913AE7 /* main.m */ = {isa = PBXFileReference; lastKnownFileType = sourcecode.c.objc; path = main.m; sourceTree = "<group>"; };
		D1CD130624B3839F00913AE7 /* Parse LabTests.xctest */ = {isa = PBXFileReference; explicitFileType = wrapper.cfbundle; includeInIndex = 0; path = "Parse LabTests.xctest"; sourceTree = BUILT_PRODUCTS_DIR; };
		D1CD130A24B3839F00913AE7 /* Parse_LabTests.m */ = {isa = PBXFileReference; lastKnownFileType = sourcecode.c.objc; path = Parse_LabTests.m; sourceTree = "<group>"; };
		D1CD130C24B3839F00913AE7 /* Info.plist */ = {isa = PBXFileReference; lastKnownFileType = text.plist.xml; path = Info.plist; sourceTree = "<group>"; };
		D1CD131124B3839F00913AE7 /* Parse LabUITests.xctest */ = {isa = PBXFileReference; explicitFileType = wrapper.cfbundle; includeInIndex = 0; path = "Parse LabUITests.xctest"; sourceTree = BUILT_PRODUCTS_DIR; };
		D1CD131524B3839F00913AE7 /* Parse_LabUITests.m */ = {isa = PBXFileReference; lastKnownFileType = sourcecode.c.objc; path = Parse_LabUITests.m; sourceTree = "<group>"; };
		D1CD131724B3839F00913AE7 /* Info.plist */ = {isa = PBXFileReference; lastKnownFileType = text.plist.xml; path = Info.plist; sourceTree = "<group>"; };
		D1CD132424B38C4800913AE7 /* ChatViewController.h */ = {isa = PBXFileReference; lastKnownFileType = sourcecode.c.h; path = ChatViewController.h; sourceTree = "<group>"; };
		D1CD132524B38C4800913AE7 /* ChatViewController.m */ = {isa = PBXFileReference; lastKnownFileType = sourcecode.c.objc; path = ChatViewController.m; sourceTree = "<group>"; };
		D1CD132724B3928600913AE7 /* ChatTableViewCell.h */ = {isa = PBXFileReference; lastKnownFileType = sourcecode.c.h; path = ChatTableViewCell.h; sourceTree = "<group>"; };
		D1CD132824B3928600913AE7 /* ChatTableViewCell.m */ = {isa = PBXFileReference; lastKnownFileType = sourcecode.c.objc; path = ChatTableViewCell.m; sourceTree = "<group>"; };
		D4D5FAEAC07ED6F4CA431032 /* Pods-Parse Lab.debug.xcconfig */ = {isa = PBXFileReference; includeInIndex = 1; lastKnownFileType = text.xcconfig; name = "Pods-Parse Lab.debug.xcconfig"; path = "Target Support Files/Pods-Parse Lab/Pods-Parse Lab.debug.xcconfig"; sourceTree = "<group>"; };
		D6DC5F48D508BC38DEE09979 /* Pods-Parse LabTests.debug.xcconfig */ = {isa = PBXFileReference; includeInIndex = 1; lastKnownFileType = text.xcconfig; name = "Pods-Parse LabTests.debug.xcconfig"; path = "Target Support Files/Pods-Parse LabTests/Pods-Parse LabTests.debug.xcconfig"; sourceTree = "<group>"; };
		D6E5BD2B3ACA878E013A476C /* Pods_Parse_Lab.framework */ = {isa = PBXFileReference; explicitFileType = wrapper.framework; includeInIndex = 0; path = Pods_Parse_Lab.framework; sourceTree = BUILT_PRODUCTS_DIR; };
/* End PBXFileReference section */

/* Begin PBXFrameworksBuildPhase section */
		D1CD12E824B3839D00913AE7 /* Frameworks */ = {
			isa = PBXFrameworksBuildPhase;
			buildActionMask = 2147483647;
			files = (
				EF025686BA0DD07D13FDD18A /* Pods_Parse_Lab.framework in Frameworks */,
			);
			runOnlyForDeploymentPostprocessing = 0;
		};
		D1CD130324B3839F00913AE7 /* Frameworks */ = {
			isa = PBXFrameworksBuildPhase;
			buildActionMask = 2147483647;
			files = (
				593F80FE502767197437E6DF /* Pods_Parse_LabTests.framework in Frameworks */,
			);
			runOnlyForDeploymentPostprocessing = 0;
		};
		D1CD130E24B3839F00913AE7 /* Frameworks */ = {
			isa = PBXFrameworksBuildPhase;
			buildActionMask = 2147483647;
			files = (
				8F32CA10A2481A5A19983FA2 /* Pods_Parse_Lab_Parse_LabUITests.framework in Frameworks */,
			);
			runOnlyForDeploymentPostprocessing = 0;
		};
/* End PBXFrameworksBuildPhase section */

/* Begin PBXGroup section */
		18D8775C3F50660AC3554E18 /* Frameworks */ = {
			isa = PBXGroup;
			children = (
				D6E5BD2B3ACA878E013A476C /* Pods_Parse_Lab.framework */,
				C7192BA2E238DC01C029578D /* Pods_Parse_Lab_Parse_LabUITests.framework */,
				22D7AAB40410502179D9B7C4 /* Pods_Parse_LabTests.framework */,
			);
			name = Frameworks;
			sourceTree = "<group>";
		};
		25B49D7132AC9D1AEE9A5F63 /* Pods */ = {
			isa = PBXGroup;
			children = (
				D4D5FAEAC07ED6F4CA431032 /* Pods-Parse Lab.debug.xcconfig */,
				CAE17851BC8ECDFA36013492 /* Pods-Parse Lab.release.xcconfig */,
				A82424C30649C7406D93AEB0 /* Pods-Parse Lab-Parse LabUITests.debug.xcconfig */,
				0FF209CA32C20FBD7A37D935 /* Pods-Parse Lab-Parse LabUITests.release.xcconfig */,
				D6DC5F48D508BC38DEE09979 /* Pods-Parse LabTests.debug.xcconfig */,
				1A8C3603AB86AC6837A07765 /* Pods-Parse LabTests.release.xcconfig */,
			);
			path = Pods;
			sourceTree = "<group>";
		};
		D1CD12E224B3839D00913AE7 = {
			isa = PBXGroup;
			children = (
				D1CD12ED24B3839D00913AE7 /* Parse Lab */,
				D1CD130924B3839F00913AE7 /* Parse LabTests */,
				D1CD131424B3839F00913AE7 /* Parse LabUITests */,
				D1CD12EC24B3839D00913AE7 /* Products */,
				25B49D7132AC9D1AEE9A5F63 /* Pods */,
				18D8775C3F50660AC3554E18 /* Frameworks */,
			);
			sourceTree = "<group>";
		};
		D1CD12EC24B3839D00913AE7 /* Products */ = {
			isa = PBXGroup;
			children = (
				D1CD12EB24B3839D00913AE7 /* Parse Lab.app */,
				D1CD130624B3839F00913AE7 /* Parse LabTests.xctest */,
				D1CD131124B3839F00913AE7 /* Parse LabUITests.xctest */,
			);
			name = Products;
			sourceTree = "<group>";
		};
		D1CD12ED24B3839D00913AE7 /* Parse Lab */ = {
			isa = PBXGroup;
			children = (
				D1CD132A24B3928B00913AE7 /* Cells */,
				D1CD132324B38C1A00913AE7 /* Views */,
				D1CD12EE24B3839D00913AE7 /* AppDelegate.h */,
				D1CD12EF24B3839D00913AE7 /* AppDelegate.m */,
				D1CD12F124B3839D00913AE7 /* SceneDelegate.h */,
				D1CD12F224B3839D00913AE7 /* SceneDelegate.m */,
				D1CD12F724B3839D00913AE7 /* Main.storyboard */,
				D1CD12FA24B3839F00913AE7 /* Assets.xcassets */,
				D1CD12FC24B3839F00913AE7 /* LaunchScreen.storyboard */,
				D1CD12FF24B3839F00913AE7 /* Info.plist */,
				D1CD130024B3839F00913AE7 /* main.m */,
			);
			path = "Parse Lab";
			sourceTree = "<group>";
		};
		D1CD130924B3839F00913AE7 /* Parse LabTests */ = {
			isa = PBXGroup;
			children = (
				D1CD130A24B3839F00913AE7 /* Parse_LabTests.m */,
				D1CD130C24B3839F00913AE7 /* Info.plist */,
			);
			path = "Parse LabTests";
			sourceTree = "<group>";
		};
		D1CD131424B3839F00913AE7 /* Parse LabUITests */ = {
			isa = PBXGroup;
			children = (
				D1CD131524B3839F00913AE7 /* Parse_LabUITests.m */,
				D1CD131724B3839F00913AE7 /* Info.plist */,
			);
			path = "Parse LabUITests";
			sourceTree = "<group>";
		};
		D1CD132324B38C1A00913AE7 /* Views */ = {
			isa = PBXGroup;
			children = (
				D1CD12F424B3839D00913AE7 /* LoginViewController.h */,
				D1CD12F524B3839D00913AE7 /* LoginViewController.m */,
				D1CD132424B38C4800913AE7 /* ChatViewController.h */,
				D1CD132524B38C4800913AE7 /* ChatViewController.m */,
			);
			path = Views;
			sourceTree = "<group>";
		};
		D1CD132A24B3928B00913AE7 /* Cells */ = {
			isa = PBXGroup;
			children = (
				D1CD132724B3928600913AE7 /* ChatTableViewCell.h */,
				D1CD132824B3928600913AE7 /* ChatTableViewCell.m */,
			);
			path = Cells;
			sourceTree = "<group>";
		};
/* End PBXGroup section */

/* Begin PBXNativeTarget section */
		D1CD12EA24B3839D00913AE7 /* Parse Lab */ = {
			isa = PBXNativeTarget;
			buildConfigurationList = D1CD131A24B3839F00913AE7 /* Build configuration list for PBXNativeTarget "Parse Lab" */;
			buildPhases = (
				DD94D15C5BAB9DB8DB32FD5A /* [CP] Check Pods Manifest.lock */,
				D1CD12E724B3839D00913AE7 /* Sources */,
				D1CD12E824B3839D00913AE7 /* Frameworks */,
				D1CD12E924B3839D00913AE7 /* Resources */,
				9961F09C62813970304D1CD1 /* [CP] Embed Pods Frameworks */,
			);
			buildRules = (
			);
			dependencies = (
			);
			name = "Parse Lab";
			productName = "Parse Lab";
			productReference = D1CD12EB24B3839D00913AE7 /* Parse Lab.app */;
			productType = "com.apple.product-type.application";
		};
		D1CD130524B3839F00913AE7 /* Parse LabTests */ = {
			isa = PBXNativeTarget;
			buildConfigurationList = D1CD131D24B3839F00913AE7 /* Build configuration list for PBXNativeTarget "Parse LabTests" */;
			buildPhases = (
				9CFF24584E4EAFFBE77F86AD /* [CP] Check Pods Manifest.lock */,
				D1CD130224B3839F00913AE7 /* Sources */,
				D1CD130324B3839F00913AE7 /* Frameworks */,
				D1CD130424B3839F00913AE7 /* Resources */,
			);
			buildRules = (
			);
			dependencies = (
				D1CD130824B3839F00913AE7 /* PBXTargetDependency */,
			);
			name = "Parse LabTests";
			productName = "Parse LabTests";
			productReference = D1CD130624B3839F00913AE7 /* Parse LabTests.xctest */;
			productType = "com.apple.product-type.bundle.unit-test";
		};
		D1CD131024B3839F00913AE7 /* Parse LabUITests */ = {
			isa = PBXNativeTarget;
			buildConfigurationList = D1CD132024B3839F00913AE7 /* Build configuration list for PBXNativeTarget "Parse LabUITests" */;
			buildPhases = (
				0B31BA5031C572A7BAFF3010 /* [CP] Check Pods Manifest.lock */,
				D1CD130D24B3839F00913AE7 /* Sources */,
				D1CD130E24B3839F00913AE7 /* Frameworks */,
				D1CD130F24B3839F00913AE7 /* Resources */,
				35ACE38B962B1FA522261224 /* [CP] Embed Pods Frameworks */,
			);
			buildRules = (
			);
			dependencies = (
				D1CD131324B3839F00913AE7 /* PBXTargetDependency */,
			);
			name = "Parse LabUITests";
			productName = "Parse LabUITests";
			productReference = D1CD131124B3839F00913AE7 /* Parse LabUITests.xctest */;
			productType = "com.apple.product-type.bundle.ui-testing";
		};
/* End PBXNativeTarget section */

/* Begin PBXProject section */
		D1CD12E324B3839D00913AE7 /* Project object */ = {
			isa = PBXProject;
			attributes = {
				LastUpgradeCheck = 1150;
				ORGANIZATIONNAME = IanAragon;
				TargetAttributes = {
					D1CD12EA24B3839D00913AE7 = {
						CreatedOnToolsVersion = 11.5;
					};
					D1CD130524B3839F00913AE7 = {
						CreatedOnToolsVersion = 11.5;
						TestTargetID = D1CD12EA24B3839D00913AE7;
					};
					D1CD131024B3839F00913AE7 = {
						CreatedOnToolsVersion = 11.5;
						TestTargetID = D1CD12EA24B3839D00913AE7;
					};
				};
			};
			buildConfigurationList = D1CD12E624B3839D00913AE7 /* Build configuration list for PBXProject "Parse Lab" */;
			compatibilityVersion = "Xcode 9.3";
			developmentRegion = en;
			hasScannedForEncodings = 0;
			knownRegions = (
				en,
				Base,
			);
			mainGroup = D1CD12E224B3839D00913AE7;
			productRefGroup = D1CD12EC24B3839D00913AE7 /* Products */;
			projectDirPath = "";
			projectRoot = "";
			targets = (
				D1CD12EA24B3839D00913AE7 /* Parse Lab */,
				D1CD130524B3839F00913AE7 /* Parse LabTests */,
				D1CD131024B3839F00913AE7 /* Parse LabUITests */,
			);
		};
/* End PBXProject section */

/* Begin PBXResourcesBuildPhase section */
		D1CD12E924B3839D00913AE7 /* Resources */ = {
			isa = PBXResourcesBuildPhase;
			buildActionMask = 2147483647;
			files = (
				D1CD12FE24B3839F00913AE7 /* LaunchScreen.storyboard in Resources */,
				D1CD12FB24B3839F00913AE7 /* Assets.xcassets in Resources */,
				D1CD12F924B3839D00913AE7 /* Main.storyboard in Resources */,
			);
			runOnlyForDeploymentPostprocessing = 0;
		};
		D1CD130424B3839F00913AE7 /* Resources */ = {
			isa = PBXResourcesBuildPhase;
			buildActionMask = 2147483647;
			files = (
			);
			runOnlyForDeploymentPostprocessing = 0;
		};
		D1CD130F24B3839F00913AE7 /* Resources */ = {
			isa = PBXResourcesBuildPhase;
			buildActionMask = 2147483647;
			files = (
			);
			runOnlyForDeploymentPostprocessing = 0;
		};
/* End PBXResourcesBuildPhase section */

/* Begin PBXShellScriptBuildPhase section */
		0B31BA5031C572A7BAFF3010 /* [CP] Check Pods Manifest.lock */ = {
			isa = PBXShellScriptBuildPhase;
			buildActionMask = 2147483647;
			files = (
			);
			inputFileListPaths = (
			);
			inputPaths = (
				"${PODS_PODFILE_DIR_PATH}/Podfile.lock",
				"${PODS_ROOT}/Manifest.lock",
			);
			name = "[CP] Check Pods Manifest.lock";
			outputFileListPaths = (
			);
			outputPaths = (
				"$(DERIVED_FILE_DIR)/Pods-Parse Lab-Parse LabUITests-checkManifestLockResult.txt",
			);
			runOnlyForDeploymentPostprocessing = 0;
			shellPath = /bin/sh;
			shellScript = "diff \"${PODS_PODFILE_DIR_PATH}/Podfile.lock\" \"${PODS_ROOT}/Manifest.lock\" > /dev/null\nif [ $? != 0 ] ; then\n    # print error to STDERR\n    echo \"error: The sandbox is not in sync with the Podfile.lock. Run 'pod install' or update your CocoaPods installation.\" >&2\n    exit 1\nfi\n# This output is used by Xcode 'outputs' to avoid re-running this script phase.\necho \"SUCCESS\" > \"${SCRIPT_OUTPUT_FILE_0}\"\n";
			showEnvVarsInLog = 0;
		};
		35ACE38B962B1FA522261224 /* [CP] Embed Pods Frameworks */ = {
			isa = PBXShellScriptBuildPhase;
			buildActionMask = 2147483647;
			files = (
			);
			inputFileListPaths = (
				"${PODS_ROOT}/Target Support Files/Pods-Parse Lab-Parse LabUITests/Pods-Parse Lab-Parse LabUITests-frameworks-${CONFIGURATION}-input-files.xcfilelist",
			);
			name = "[CP] Embed Pods Frameworks";
			outputFileListPaths = (
				"${PODS_ROOT}/Target Support Files/Pods-Parse Lab-Parse LabUITests/Pods-Parse Lab-Parse LabUITests-frameworks-${CONFIGURATION}-output-files.xcfilelist",
			);
			runOnlyForDeploymentPostprocessing = 0;
			shellPath = /bin/sh;
			shellScript = "\"${PODS_ROOT}/Target Support Files/Pods-Parse Lab-Parse LabUITests/Pods-Parse Lab-Parse LabUITests-frameworks.sh\"\n";
			showEnvVarsInLog = 0;
		};
		9961F09C62813970304D1CD1 /* [CP] Embed Pods Frameworks */ = {
			isa = PBXShellScriptBuildPhase;
			buildActionMask = 2147483647;
			files = (
			);
			inputFileListPaths = (
				"${PODS_ROOT}/Target Support Files/Pods-Parse Lab/Pods-Parse Lab-frameworks-${CONFIGURATION}-input-files.xcfilelist",
			);
			name = "[CP] Embed Pods Frameworks";
			outputFileListPaths = (
				"${PODS_ROOT}/Target Support Files/Pods-Parse Lab/Pods-Parse Lab-frameworks-${CONFIGURATION}-output-files.xcfilelist",
			);
			runOnlyForDeploymentPostprocessing = 0;
			shellPath = /bin/sh;
			shellScript = "\"${PODS_ROOT}/Target Support Files/Pods-Parse Lab/Pods-Parse Lab-frameworks.sh\"\n";
			showEnvVarsInLog = 0;
		};
		9CFF24584E4EAFFBE77F86AD /* [CP] Check Pods Manifest.lock */ = {
			isa = PBXShellScriptBuildPhase;
			buildActionMask = 2147483647;
			files = (
			);
			inputFileListPaths = (
			);
			inputPaths = (
				"${PODS_PODFILE_DIR_PATH}/Podfile.lock",
				"${PODS_ROOT}/Manifest.lock",
			);
			name = "[CP] Check Pods Manifest.lock";
			outputFileListPaths = (
			);
			outputPaths = (
				"$(DERIVED_FILE_DIR)/Pods-Parse LabTests-checkManifestLockResult.txt",
			);
			runOnlyForDeploymentPostprocessing = 0;
			shellPath = /bin/sh;
			shellScript = "diff \"${PODS_PODFILE_DIR_PATH}/Podfile.lock\" \"${PODS_ROOT}/Manifest.lock\" > /dev/null\nif [ $? != 0 ] ; then\n    # print error to STDERR\n    echo \"error: The sandbox is not in sync with the Podfile.lock. Run 'pod install' or update your CocoaPods installation.\" >&2\n    exit 1\nfi\n# This output is used by Xcode 'outputs' to avoid re-running this script phase.\necho \"SUCCESS\" > \"${SCRIPT_OUTPUT_FILE_0}\"\n";
			showEnvVarsInLog = 0;
		};
		DD94D15C5BAB9DB8DB32FD5A /* [CP] Check Pods Manifest.lock */ = {
			isa = PBXShellScriptBuildPhase;
			buildActionMask = 2147483647;
			files = (
			);
			inputFileListPaths = (
			);
			inputPaths = (
				"${PODS_PODFILE_DIR_PATH}/Podfile.lock",
				"${PODS_ROOT}/Manifest.lock",
			);
			name = "[CP] Check Pods Manifest.lock";
			outputFileListPaths = (
			);
			outputPaths = (
				"$(DERIVED_FILE_DIR)/Pods-Parse Lab-checkManifestLockResult.txt",
			);
			runOnlyForDeploymentPostprocessing = 0;
			shellPath = /bin/sh;
			shellScript = "diff \"${PODS_PODFILE_DIR_PATH}/Podfile.lock\" \"${PODS_ROOT}/Manifest.lock\" > /dev/null\nif [ $? != 0 ] ; then\n    # print error to STDERR\n    echo \"error: The sandbox is not in sync with the Podfile.lock. Run 'pod install' or update your CocoaPods installation.\" >&2\n    exit 1\nfi\n# This output is used by Xcode 'outputs' to avoid re-running this script phase.\necho \"SUCCESS\" > \"${SCRIPT_OUTPUT_FILE_0}\"\n";
			showEnvVarsInLog = 0;
		};
/* End PBXShellScriptBuildPhase section */

/* Begin PBXSourcesBuildPhase section */
		D1CD12E724B3839D00913AE7 /* Sources */ = {
			isa = PBXSourcesBuildPhase;
			buildActionMask = 2147483647;
			files = (
				D1CD12F624B3839D00913AE7 /* LoginViewController.m in Sources */,
				D1CD12F024B3839D00913AE7 /* AppDelegate.m in Sources */,
				D1CD132624B38C4800913AE7 /* ChatViewController.m in Sources */,
				D1CD130124B3839F00913AE7 /* main.m in Sources */,
				D1CD12F324B3839D00913AE7 /* SceneDelegate.m in Sources */,
				D1CD132924B3928600913AE7 /* ChatTableViewCell.m in Sources */,
			);
			runOnlyForDeploymentPostprocessing = 0;
		};
		D1CD130224B3839F00913AE7 /* Sources */ = {
			isa = PBXSourcesBuildPhase;
			buildActionMask = 2147483647;
			files = (
				D1CD130B24B3839F00913AE7 /* Parse_LabTests.m in Sources */,
			);
			runOnlyForDeploymentPostprocessing = 0;
		};
		D1CD130D24B3839F00913AE7 /* Sources */ = {
			isa = PBXSourcesBuildPhase;
			buildActionMask = 2147483647;
			files = (
				D1CD131624B3839F00913AE7 /* Parse_LabUITests.m in Sources */,
			);
			runOnlyForDeploymentPostprocessing = 0;
		};
/* End PBXSourcesBuildPhase section */

/* Begin PBXTargetDependency section */
		D1CD130824B3839F00913AE7 /* PBXTargetDependency */ = {
			isa = PBXTargetDependency;
			target = D1CD12EA24B3839D00913AE7 /* Parse Lab */;
			targetProxy = D1CD130724B3839F00913AE7 /* PBXContainerItemProxy */;
		};
		D1CD131324B3839F00913AE7 /* PBXTargetDependency */ = {
			isa = PBXTargetDependency;
			target = D1CD12EA24B3839D00913AE7 /* Parse Lab */;
			targetProxy = D1CD131224B3839F00913AE7 /* PBXContainerItemProxy */;
		};
/* End PBXTargetDependency section */

/* Begin PBXVariantGroup section */
		D1CD12F724B3839D00913AE7 /* Main.storyboard */ = {
			isa = PBXVariantGroup;
			children = (
				D1CD12F824B3839D00913AE7 /* Base */,
			);
			name = Main.storyboard;
			sourceTree = "<group>";
		};
		D1CD12FC24B3839F00913AE7 /* LaunchScreen.storyboard */ = {
			isa = PBXVariantGroup;
			children = (
				D1CD12FD24B3839F00913AE7 /* Base */,
			);
			name = LaunchScreen.storyboard;
			sourceTree = "<group>";
		};
/* End PBXVariantGroup section */

/* Begin XCBuildConfiguration section */
		D1CD131824B3839F00913AE7 /* Debug */ = {
			isa = XCBuildConfiguration;
			buildSettings = {
				ALWAYS_SEARCH_USER_PATHS = NO;
				CLANG_ANALYZER_NONNULL = YES;
				CLANG_ANALYZER_NUMBER_OBJECT_CONVERSION = YES_AGGRESSIVE;
				CLANG_CXX_LANGUAGE_STANDARD = "gnu++14";
				CLANG_CXX_LIBRARY = "libc++";
				CLANG_ENABLE_MODULES = YES;
				CLANG_ENABLE_OBJC_ARC = YES;
				CLANG_ENABLE_OBJC_WEAK = YES;
				CLANG_WARN_BLOCK_CAPTURE_AUTORELEASING = YES;
				CLANG_WARN_BOOL_CONVERSION = YES;
				CLANG_WARN_COMMA = YES;
				CLANG_WARN_CONSTANT_CONVERSION = YES;
				CLANG_WARN_DEPRECATED_OBJC_IMPLEMENTATIONS = YES;
				CLANG_WARN_DIRECT_OBJC_ISA_USAGE = YES_ERROR;
				CLANG_WARN_DOCUMENTATION_COMMENTS = YES;
				CLANG_WARN_EMPTY_BODY = YES;
				CLANG_WARN_ENUM_CONVERSION = YES;
				CLANG_WARN_INFINITE_RECURSION = YES;
				CLANG_WARN_INT_CONVERSION = YES;
				CLANG_WARN_NON_LITERAL_NULL_CONVERSION = YES;
				CLANG_WARN_OBJC_IMPLICIT_RETAIN_SELF = YES;
				CLANG_WARN_OBJC_LITERAL_CONVERSION = YES;
				CLANG_WARN_OBJC_ROOT_CLASS = YES_ERROR;
				CLANG_WARN_RANGE_LOOP_ANALYSIS = YES;
				CLANG_WARN_STRICT_PROTOTYPES = YES;
				CLANG_WARN_SUSPICIOUS_MOVE = YES;
				CLANG_WARN_UNGUARDED_AVAILABILITY = YES_AGGRESSIVE;
				CLANG_WARN_UNREACHABLE_CODE = YES;
				CLANG_WARN__DUPLICATE_METHOD_MATCH = YES;
				COPY_PHASE_STRIP = NO;
				DEBUG_INFORMATION_FORMAT = dwarf;
				ENABLE_STRICT_OBJC_MSGSEND = YES;
				ENABLE_TESTABILITY = YES;
				GCC_C_LANGUAGE_STANDARD = gnu11;
				GCC_DYNAMIC_NO_PIC = NO;
				GCC_NO_COMMON_BLOCKS = YES;
				GCC_OPTIMIZATION_LEVEL = 0;
				GCC_PREPROCESSOR_DEFINITIONS = (
					"DEBUG=1",
					"$(inherited)",
				);
				GCC_WARN_64_TO_32_BIT_CONVERSION = YES;
				GCC_WARN_ABOUT_RETURN_TYPE = YES_ERROR;
				GCC_WARN_UNDECLARED_SELECTOR = YES;
				GCC_WARN_UNINITIALIZED_AUTOS = YES_AGGRESSIVE;
				GCC_WARN_UNUSED_FUNCTION = YES;
				GCC_WARN_UNUSED_VARIABLE = YES;
				IPHONEOS_DEPLOYMENT_TARGET = 13.5;
				MTL_ENABLE_DEBUG_INFO = INCLUDE_SOURCE;
				MTL_FAST_MATH = YES;
				ONLY_ACTIVE_ARCH = YES;
				SDKROOT = iphoneos;
			};
			name = Debug;
		};
		D1CD131924B3839F00913AE7 /* Release */ = {
			isa = XCBuildConfiguration;
			buildSettings = {
				ALWAYS_SEARCH_USER_PATHS = NO;
				CLANG_ANALYZER_NONNULL = YES;
				CLANG_ANALYZER_NUMBER_OBJECT_CONVERSION = YES_AGGRESSIVE;
				CLANG_CXX_LANGUAGE_STANDARD = "gnu++14";
				CLANG_CXX_LIBRARY = "libc++";
				CLANG_ENABLE_MODULES = YES;
				CLANG_ENABLE_OBJC_ARC = YES;
				CLANG_ENABLE_OBJC_WEAK = YES;
				CLANG_WARN_BLOCK_CAPTURE_AUTORELEASING = YES;
				CLANG_WARN_BOOL_CONVERSION = YES;
				CLANG_WARN_COMMA = YES;
				CLANG_WARN_CONSTANT_CONVERSION = YES;
				CLANG_WARN_DEPRECATED_OBJC_IMPLEMENTATIONS = YES;
				CLANG_WARN_DIRECT_OBJC_ISA_USAGE = YES_ERROR;
				CLANG_WARN_DOCUMENTATION_COMMENTS = YES;
				CLANG_WARN_EMPTY_BODY = YES;
				CLANG_WARN_ENUM_CONVERSION = YES;
				CLANG_WARN_INFINITE_RECURSION = YES;
				CLANG_WARN_INT_CONVERSION = YES;
				CLANG_WARN_NON_LITERAL_NULL_CONVERSION = YES;
				CLANG_WARN_OBJC_IMPLICIT_RETAIN_SELF = YES;
				CLANG_WARN_OBJC_LITERAL_CONVERSION = YES;
				CLANG_WARN_OBJC_ROOT_CLASS = YES_ERROR;
				CLANG_WARN_RANGE_LOOP_ANALYSIS = YES;
				CLANG_WARN_STRICT_PROTOTYPES = YES;
				CLANG_WARN_SUSPICIOUS_MOVE = YES;
				CLANG_WARN_UNGUARDED_AVAILABILITY = YES_AGGRESSIVE;
				CLANG_WARN_UNREACHABLE_CODE = YES;
				CLANG_WARN__DUPLICATE_METHOD_MATCH = YES;
				COPY_PHASE_STRIP = NO;
				DEBUG_INFORMATION_FORMAT = "dwarf-with-dsym";
				ENABLE_NS_ASSERTIONS = NO;
				ENABLE_STRICT_OBJC_MSGSEND = YES;
				GCC_C_LANGUAGE_STANDARD = gnu11;
				GCC_NO_COMMON_BLOCKS = YES;
				GCC_WARN_64_TO_32_BIT_CONVERSION = YES;
				GCC_WARN_ABOUT_RETURN_TYPE = YES_ERROR;
				GCC_WARN_UNDECLARED_SELECTOR = YES;
				GCC_WARN_UNINITIALIZED_AUTOS = YES_AGGRESSIVE;
				GCC_WARN_UNUSED_FUNCTION = YES;
				GCC_WARN_UNUSED_VARIABLE = YES;
				IPHONEOS_DEPLOYMENT_TARGET = 13.5;
				MTL_ENABLE_DEBUG_INFO = NO;
				MTL_FAST_MATH = YES;
				SDKROOT = iphoneos;
				VALIDATE_PRODUCT = YES;
			};
			name = Release;
		};
		D1CD131B24B3839F00913AE7 /* Debug */ = {
			isa = XCBuildConfiguration;
			baseConfigurationReference = D4D5FAEAC07ED6F4CA431032 /* Pods-Parse Lab.debug.xcconfig */;
			buildSettings = {
				ASSETCATALOG_COMPILER_APPICON_NAME = AppIcon;
				CODE_SIGN_STYLE = Automatic;
				DEVELOPMENT_TEAM = 2G99Q72LMX;
				INFOPLIST_FILE = "Parse Lab/Info.plist";
				LD_RUNPATH_SEARCH_PATHS = (
					"$(inherited)",
					"@executable_path/Frameworks",
				);
				PRODUCT_BUNDLE_IDENTIFIER = "com.IanAragon.Parse-Lab";
				PRODUCT_NAME = "$(TARGET_NAME)";
				TARGETED_DEVICE_FAMILY = "1,2";
			};
			name = Debug;
		};
		D1CD131C24B3839F00913AE7 /* Release */ = {
			isa = XCBuildConfiguration;
			baseConfigurationReference = CAE17851BC8ECDFA36013492 /* Pods-Parse Lab.release.xcconfig */;
			buildSettings = {
				ASSETCATALOG_COMPILER_APPICON_NAME = AppIcon;
				CODE_SIGN_STYLE = Automatic;
				DEVELOPMENT_TEAM = 2G99Q72LMX;
				INFOPLIST_FILE = "Parse Lab/Info.plist";
				LD_RUNPATH_SEARCH_PATHS = (
					"$(inherited)",
					"@executable_path/Frameworks",
				);
				PRODUCT_BUNDLE_IDENTIFIER = "com.IanAragon.Parse-Lab";
				PRODUCT_NAME = "$(TARGET_NAME)";
				TARGETED_DEVICE_FAMILY = "1,2";
			};
			name = Release;
		};
		D1CD131E24B3839F00913AE7 /* Debug */ = {
			isa = XCBuildConfiguration;
			baseConfigurationReference = D6DC5F48D508BC38DEE09979 /* Pods-Parse LabTests.debug.xcconfig */;
			buildSettings = {
				BUNDLE_LOADER = "$(TEST_HOST)";
				CODE_SIGN_STYLE = Automatic;
				DEVELOPMENT_TEAM = 2G99Q72LMX;
				INFOPLIST_FILE = "Parse LabTests/Info.plist";
				IPHONEOS_DEPLOYMENT_TARGET = 13.5;
				LD_RUNPATH_SEARCH_PATHS = (
					"$(inherited)",
					"@executable_path/Frameworks",
					"@loader_path/Frameworks",
				);
				PRODUCT_BUNDLE_IDENTIFIER = "com.IanAragon.Parse-LabTests";
				PRODUCT_NAME = "$(TARGET_NAME)";
				TARGETED_DEVICE_FAMILY = "1,2";
				TEST_HOST = "$(BUILT_PRODUCTS_DIR)/Parse Lab.app/Parse Lab";
			};
			name = Debug;
		};
		D1CD131F24B3839F00913AE7 /* Release */ = {
			isa = XCBuildConfiguration;
			baseConfigurationReference = 1A8C3603AB86AC6837A07765 /* Pods-Parse LabTests.release.xcconfig */;
			buildSettings = {
				BUNDLE_LOADER = "$(TEST_HOST)";
				CODE_SIGN_STYLE = Automatic;
				DEVELOPMENT_TEAM = 2G99Q72LMX;
				INFOPLIST_FILE = "Parse LabTests/Info.plist";
				IPHONEOS_DEPLOYMENT_TARGET = 13.5;
				LD_RUNPATH_SEARCH_PATHS = (
					"$(inherited)",
					"@executable_path/Frameworks",
					"@loader_path/Frameworks",
				);
				PRODUCT_BUNDLE_IDENTIFIER = "com.IanAragon.Parse-LabTests";
				PRODUCT_NAME = "$(TARGET_NAME)";
				TARGETED_DEVICE_FAMILY = "1,2";
				TEST_HOST = "$(BUILT_PRODUCTS_DIR)/Parse Lab.app/Parse Lab";
			};
			name = Release;
		};
		D1CD132124B3839F00913AE7 /* Debug */ = {
			isa = XCBuildConfiguration;
			baseConfigurationReference = A82424C30649C7406D93AEB0 /* Pods-Parse Lab-Parse LabUITests.debug.xcconfig */;
			buildSettings = {
				CODE_SIGN_STYLE = Automatic;
				DEVELOPMENT_TEAM = 2G99Q72LMX;
				INFOPLIST_FILE = "Parse LabUITests/Info.plist";
				LD_RUNPATH_SEARCH_PATHS = (
					"$(inherited)",
					"@executable_path/Frameworks",
					"@loader_path/Frameworks",
				);
				PRODUCT_BUNDLE_IDENTIFIER = "com.IanAragon.Parse-LabUITests";
				PRODUCT_NAME = "$(TARGET_NAME)";
				TARGETED_DEVICE_FAMILY = "1,2";
				TEST_TARGET_NAME = "Parse Lab";
			};
			name = Debug;
		};
		D1CD132224B3839F00913AE7 /* Release */ = {
			isa = XCBuildConfiguration;
			baseConfigurationReference = 0FF209CA32C20FBD7A37D935 /* Pods-Parse Lab-Parse LabUITests.release.xcconfig */;
			buildSettings = {
				CODE_SIGN_STYLE = Automatic;
				DEVELOPMENT_TEAM = 2G99Q72LMX;
				INFOPLIST_FILE = "Parse LabUITests/Info.plist";
				LD_RUNPATH_SEARCH_PATHS = (
					"$(inherited)",
					"@executable_path/Frameworks",
					"@loader_path/Frameworks",
				);
				PRODUCT_BUNDLE_IDENTIFIER = "com.IanAragon.Parse-LabUITests";
				PRODUCT_NAME = "$(TARGET_NAME)";
				TARGETED_DEVICE_FAMILY = "1,2";
				TEST_TARGET_NAME = "Parse Lab";
			};
			name = Release;
		};
/* End XCBuildConfiguration section */

/* Begin XCConfigurationList section */
		D1CD12E624B3839D00913AE7 /* Build configuration list for PBXProject "Parse Lab" */ = {
			isa = XCConfigurationList;
			buildConfigurations = (
				D1CD131824B3839F00913AE7 /* Debug */,
				D1CD131924B3839F00913AE7 /* Release */,
			);
			defaultConfigurationIsVisible = 0;
			defaultConfigurationName = Release;
		};
		D1CD131A24B3839F00913AE7 /* Build configuration list for PBXNativeTarget "Parse Lab" */ = {
			isa = XCConfigurationList;
			buildConfigurations = (
				D1CD131B24B3839F00913AE7 /* Debug */,
				D1CD131C24B3839F00913AE7 /* Release */,
			);
			defaultConfigurationIsVisible = 0;
			defaultConfigurationName = Release;
		};
		D1CD131D24B3839F00913AE7 /* Build configuration list for PBXNativeTarget "Parse LabTests" */ = {
			isa = XCConfigurationList;
			buildConfigurations = (
				D1CD131E24B3839F00913AE7 /* Debug */,
				D1CD131F24B3839F00913AE7 /* Release */,
			);
			defaultConfigurationIsVisible = 0;
			defaultConfigurationName = Release;
		};
		D1CD132024B3839F00913AE7 /* Build configuration list for PBXNativeTarget "Parse LabUITests" */ = {
			isa = XCConfigurationList;
			buildConfigurations = (
				D1CD132124B3839F00913AE7 /* Debug */,
				D1CD132224B3839F00913AE7 /* Release */,
			);
			defaultConfigurationIsVisible = 0;
			defaultConfigurationName = Release;
		};
/* End XCConfigurationList section */
	};
	rootObject = D1CD12E324B3839D00913AE7 /* Project object */;
}
